
Microsoft Visual Studio Solution File, Format Version 12.00
# Visual Studio Version 17
VisualStudioVersion = 17.7.34009.444
MinimumVisualStudioVersion = 10.0.40219.1
Project("{9A19103F-16F7-4668-BE54-9A1E7A4F7556}") = "Urbe.Programacion.AppSocial.Entities", "AppSocial\Urbe.Programacion.AppSocial.Entities\Urbe.Programacion.AppSocial.Entities.csproj", "{9F9BE47C-8A98-4602-B7AE-65040CCD9E65}"
EndProject
Project("{2150E333-8FDC-42A3-9474-1A3956D46DE8}") = "Database", "Database", "{DD011580-B254-4F40-A5E9-FB1800C48DE1}"
EndProject
Project("{2150E333-8FDC-42A3-9474-1A3956D46DE8}") = "App", "App", "{26CF868D-32EA-4642-ACB4-FFF654CC129D}"
EndProject
Project("{9A19103F-16F7-4668-BE54-9A1E7A4F7556}") = "Urbe.Programacion.Shared.Common", "Shared\Urbe.Programacion.Shared.Common\Urbe.Programacion.Shared.Common.csproj", "{5D3CC0F9-2180-4CE8-92CF-F654481AE250}"
EndProject
Project("{9A19103F-16F7-4668-BE54-9A1E7A4F7556}") = "Urbe.Programacion.AppSocial.ModelServices", "AppSocial\Urbe.Programacion.AppSocial.ModelServices\Urbe.Programacion.AppSocial.ModelServices.csproj", "{AF7B2BB8-A703-4283-A269-C4DD0F43A4F2}"
EndProject
Project("{9A19103F-16F7-4668-BE54-9A1E7A4F7556}") = "Urbe.Programacion.Shared.Services", "Shared\Urbe.Programacion.Shared.Services\Urbe.Programacion.Shared.Services.csproj", "{09858A29-B08E-45AD-909B-688097CB237A}"
EndProject
Project("{2150E333-8FDC-42A3-9474-1A3956D46DE8}") = "Migrations", "Migrations", "{C42B1E81-C3A8-4F0F-8F7D-3597862F0B38}"
EndProject
Project("{9A19103F-16F7-4668-BE54-9A1E7A4F7556}") = "Urbe.Programacion.AppSocial.Entities.SQLiteMigrations", "AppSocial\Urbe.Programacion.AppSocial.Entities.SQLiteMigrations\Urbe.Programacion.AppSocial.Entities.SQLiteMigrations.csproj", "{AF825A14-77C2-48B7-9546-5B371E5D410F}"
EndProject
Project("{9A19103F-16F7-4668-BE54-9A1E7A4F7556}") = "Urbe.Programacion.AppSocial.Entities.SQLServerMigrations", "AppSocial\Urbe.Programacion.AppSocial.Entities.SQLServerMigrations\Urbe.Programacion.AppSocial.Entities.SQLServerMigrations.csproj", "{6AADC71A-02DC-4BC8-A6E2-6B0379720F66}"
EndProject
Project("{9A19103F-16F7-4668-BE54-9A1E7A4F7556}") = "Mail.NET", "..\Mail.NET\Mail.NET\Mail.NET.csproj", "{030AB3B1-0149-4120-97C4-B55492000E19}"
EndProject
Project("{9A19103F-16F7-4668-BE54-9A1E7A4F7556}") = "Mail.NET.MailKit", "..\Mail.NET\Mail.NET.MailKit\Mail.NET.MailKit.csproj", "{C6764D74-250E-44CD-A9C0-7E6FB1B0C6E4}"
EndProject
Project("{2150E333-8FDC-42A3-9474-1A3956D46DE8}") = "AppSocial", "AppSocial", "{452D8F3F-04AA-457C-B4E7-D300B7475B0D}"
EndProject
Project("{2150E333-8FDC-42A3-9474-1A3956D46DE8}") = "AppVehiculos", "AppVehiculos", "{70DFAEA4-1107-469D-A7FB-90E27735EC94}"
EndProject
Project("{2150E333-8FDC-42A3-9474-1A3956D46DE8}") = "Shared", "Shared", "{883F7CFC-A607-43DB-9B93-9F53033B3CF9}"
EndProject
Project("{9A19103F-16F7-4668-BE54-9A1E7A4F7556}") = "Urbe.Programacion.Shared.ModelServices", "Shared\Urbe.Programacion.Shared.ModelServices\Urbe.Programacion.Shared.ModelServices.csproj", "{4D1D368A-9BD5-4577-9BF6-7B98E1E8226F}"
EndProject
Project("{9A19103F-16F7-4668-BE54-9A1E7A4F7556}") = "Urbe.Programacion.Shared.Entities", "Shared\Urbe.Programacion.Shared.Entities\Urbe.Programacion.Shared.Entities.csproj", "{EC033F7E-73B6-4EF3-9C2D-BD7CDF34EB80}"
EndProject
Project("{9A19103F-16F7-4668-BE54-9A1E7A4F7556}") = "Urbe.Programacion.Shared.API.Common", "Shared\Urbe.Programacion.Shared.API.Common\Urbe.Programacion.Shared.API.Common.csproj", "{547E573E-A529-42F1-8193-20EAC373E737}"
EndProject
Project("{9A19103F-16F7-4668-BE54-9A1E7A4F7556}") = "Urbe.Programacion.Shared.API.Backend", "Shared\Urbe.Programacion.Shared.API.Backend\Urbe.Programacion.Shared.API.Backend.csproj", "{97EC00F9-7EB4-496A-BB51-6E2615FEC5AE}"
EndProject
Project("{9A19103F-16F7-4668-BE54-9A1E7A4F7556}") = "Urbe.Programacion.AppVehiculos.WebApp", "AppVehiculos\Urbe.Programacion.AppVehiculos.WebApp\Urbe.Programacion.AppVehiculos.WebApp.csproj", "{FC14DA2D-018B-4899-B53C-6E657DD16306}"
EndProject
Project("{2150E333-8FDC-42A3-9474-1A3956D46DE8}") = "App", "App", "{E12A7EE6-A2B1-4FC0-8910-5061BEDAEE5B}"
EndProject
Project("{2150E333-8FDC-42A3-9474-1A3956D46DE8}") = "Database", "Database", "{9517C929-0C4C-4C1D-879B-0ED988257734}"
EndProject
Project("{9A19103F-16F7-4668-BE54-9A1E7A4F7556}") = "Urbe.Programacion.AppVehiculos.Entities.SQLServerMigrations", "AppVehiculos\Urbe.Programacion.AppVehiculos.Entities.SQLServerMigrations\Urbe.Programacion.AppVehiculos.Entities.SQLServerMigrations.csproj", "{F7EFE971-B9FF-47DE-A2FC-18DD3FD44566}"
EndProject
Project("{9A19103F-16F7-4668-BE54-9A1E7A4F7556}") = "Urbe.Programacion.AppVehiculos.Entities.SQLiteMigrations", "AppVehiculos\Urbe.Programacion.AppVehiculos.Entities.SQLiteMigrations\Urbe.Programacion.AppVehiculos.Entities.SQLiteMigrations.csproj", "{718748E6-861F-4023-A42C-CF9F71821B1F}"
EndProject
Project("{9A19103F-16F7-4668-BE54-9A1E7A4F7556}") = "Urbe.Programacion.AppVehiculos.Entities", "AppVehiculos\Urbe.Programacion.AppVehiculos.Entities\Urbe.Programacion.AppVehiculos.Entities.csproj", "{2C395054-6CE3-4157-8E10-F34F886C4467}"
EndProject
Project("{2150E333-8FDC-42A3-9474-1A3956D46DE8}") = "Client", "Client", "{4E483FE8-DEE4-4424-940E-CAA1AF397C28}"
EndProject
Project("{9A19103F-16F7-4668-BE54-9A1E7A4F7556}") = "Urbe.Programacion.AppSocial.ClientLibrary", "AppSocial\Urbe.Programacion.AppSocial.ClientLibrary\Urbe.Programacion.AppSocial.ClientLibrary.csproj", "{2BC3631B-59E3-4906-8B45-24E83D96F38C}"
EndProject
Project("{9A19103F-16F7-4668-BE54-9A1E7A4F7556}") = "Urbe.Programacion.AppSocial.DataTransfer", "AppSocial\Urbe.Programacion.AppSocial.DataTransfer\Urbe.Programacion.AppSocial.DataTransfer.csproj", "{66E41B88-20F6-4E98-987E-A0CFC14680F6}"
EndProject
Project("{9A19103F-16F7-4668-BE54-9A1E7A4F7556}") = "Urbe.Programacion.Shared.REST", "Shared\Urbe.Programacion.Shared.REST\Urbe.Programacion.Shared.REST.csproj", "{F397E36B-2266-45F5-874F-A814169ABDA9}"
EndProject
Project("{9A19103F-16F7-4668-BE54-9A1E7A4F7556}") = "Urbe.Programacion.AppSocial.ConsoleClient", "AppSocial\Urbe.Programacion.AppSocial.ConsoleClient\Urbe.Programacion.AppSocial.ConsoleClient.csproj", "{BECB7CE8-1FDF-4F25-AE7A-18FDBAA56879}"
EndProject
Project("{2150E333-8FDC-42A3-9474-1A3956D46DE8}") = "WebApp", "WebApp", "{64A5EAF2-655A-4BEF-B36C-D069A8D99A10}"
EndProject
Project("{FAE04EC0-301F-11D3-BF4B-00C04F79EFBC}") = "Urbe.Programacion.AppSocial.WebApp.Server", "AppSocial\Urbe.Programacion.AppSocial.WebApp\Server\Urbe.Programacion.AppSocial.WebApp.Server.csproj", "{636AEA4B-4EF9-40FB-BDD5-A6741F7EFFAA}"
EndProject
Project("{FAE04EC0-301F-11D3-BF4B-00C04F79EFBC}") = "Urbe.Programacion.AppSocial.WebApp.Client", "AppSocial\Urbe.Programacion.AppSocial.WebApp\Client\Urbe.Programacion.AppSocial.WebApp.Client.csproj", "{0EDCF9F7-0589-4864-8825-077AF0BCE708}"
EndProject
Global
	GlobalSection(SolutionConfigurationPlatforms) = preSolution
		Debug|Any CPU = Debug|Any CPU
		Release|Any CPU = Release|Any CPU
	EndGlobalSection
	GlobalSection(ProjectConfigurationPlatforms) = postSolution
		{9F9BE47C-8A98-4602-B7AE-65040CCD9E65}.Debug|Any CPU.ActiveCfg = Debug|Any CPU
		{9F9BE47C-8A98-4602-B7AE-65040CCD9E65}.Debug|Any CPU.Build.0 = Debug|Any CPU
		{9F9BE47C-8A98-4602-B7AE-65040CCD9E65}.Release|Any CPU.ActiveCfg = Release|Any CPU
		{9F9BE47C-8A98-4602-B7AE-65040CCD9E65}.Release|Any CPU.Build.0 = Release|Any CPU
		{5D3CC0F9-2180-4CE8-92CF-F654481AE250}.Debug|Any CPU.ActiveCfg = Debug|Any CPU
		{5D3CC0F9-2180-4CE8-92CF-F654481AE250}.Debug|Any CPU.Build.0 = Debug|Any CPU
		{5D3CC0F9-2180-4CE8-92CF-F654481AE250}.Release|Any CPU.ActiveCfg = Release|Any CPU
		{5D3CC0F9-2180-4CE8-92CF-F654481AE250}.Release|Any CPU.Build.0 = Release|Any CPU
		{AF7B2BB8-A703-4283-A269-C4DD0F43A4F2}.Debug|Any CPU.ActiveCfg = Debug|Any CPU
		{AF7B2BB8-A703-4283-A269-C4DD0F43A4F2}.Debug|Any CPU.Build.0 = Debug|Any CPU
		{AF7B2BB8-A703-4283-A269-C4DD0F43A4F2}.Release|Any CPU.ActiveCfg = Release|Any CPU
		{AF7B2BB8-A703-4283-A269-C4DD0F43A4F2}.Release|Any CPU.Build.0 = Release|Any CPU
		{09858A29-B08E-45AD-909B-688097CB237A}.Debug|Any CPU.ActiveCfg = Debug|Any CPU
		{09858A29-B08E-45AD-909B-688097CB237A}.Debug|Any CPU.Build.0 = Debug|Any CPU
		{09858A29-B08E-45AD-909B-688097CB237A}.Release|Any CPU.ActiveCfg = Release|Any CPU
		{09858A29-B08E-45AD-909B-688097CB237A}.Release|Any CPU.Build.0 = Release|Any CPU
		{AF825A14-77C2-48B7-9546-5B371E5D410F}.Debug|Any CPU.ActiveCfg = Debug|Any CPU
		{AF825A14-77C2-48B7-9546-5B371E5D410F}.Debug|Any CPU.Build.0 = Debug|Any CPU
		{AF825A14-77C2-48B7-9546-5B371E5D410F}.Release|Any CPU.ActiveCfg = Release|Any CPU
		{AF825A14-77C2-48B7-9546-5B371E5D410F}.Release|Any CPU.Build.0 = Release|Any CPU
		{6AADC71A-02DC-4BC8-A6E2-6B0379720F66}.Debug|Any CPU.ActiveCfg = Debug|Any CPU
		{6AADC71A-02DC-4BC8-A6E2-6B0379720F66}.Debug|Any CPU.Build.0 = Debug|Any CPU
		{6AADC71A-02DC-4BC8-A6E2-6B0379720F66}.Release|Any CPU.ActiveCfg = Release|Any CPU
		{6AADC71A-02DC-4BC8-A6E2-6B0379720F66}.Release|Any CPU.Build.0 = Release|Any CPU
		{030AB3B1-0149-4120-97C4-B55492000E19}.Debug|Any CPU.ActiveCfg = Debug|Any CPU
		{030AB3B1-0149-4120-97C4-B55492000E19}.Debug|Any CPU.Build.0 = Debug|Any CPU
		{030AB3B1-0149-4120-97C4-B55492000E19}.Release|Any CPU.ActiveCfg = Release|Any CPU
		{030AB3B1-0149-4120-97C4-B55492000E19}.Release|Any CPU.Build.0 = Release|Any CPU
		{C6764D74-250E-44CD-A9C0-7E6FB1B0C6E4}.Debug|Any CPU.ActiveCfg = Debug|Any CPU
		{C6764D74-250E-44CD-A9C0-7E6FB1B0C6E4}.Debug|Any CPU.Build.0 = Debug|Any CPU
		{C6764D74-250E-44CD-A9C0-7E6FB1B0C6E4}.Release|Any CPU.ActiveCfg = Release|Any CPU
		{C6764D74-250E-44CD-A9C0-7E6FB1B0C6E4}.Release|Any CPU.Build.0 = Release|Any CPU
		{4D1D368A-9BD5-4577-9BF6-7B98E1E8226F}.Debug|Any CPU.ActiveCfg = Debug|Any CPU
		{4D1D368A-9BD5-4577-9BF6-7B98E1E8226F}.Debug|Any CPU.Build.0 = Debug|Any CPU
		{4D1D368A-9BD5-4577-9BF6-7B98E1E8226F}.Release|Any CPU.ActiveCfg = Release|Any CPU
		{4D1D368A-9BD5-4577-9BF6-7B98E1E8226F}.Release|Any CPU.Build.0 = Release|Any CPU
		{EC033F7E-73B6-4EF3-9C2D-BD7CDF34EB80}.Debug|Any CPU.ActiveCfg = Debug|Any CPU
		{EC033F7E-73B6-4EF3-9C2D-BD7CDF34EB80}.Debug|Any CPU.Build.0 = Debug|Any CPU
		{EC033F7E-73B6-4EF3-9C2D-BD7CDF34EB80}.Release|Any CPU.ActiveCfg = Release|Any CPU
		{EC033F7E-73B6-4EF3-9C2D-BD7CDF34EB80}.Release|Any CPU.Build.0 = Release|Any CPU
		{547E573E-A529-42F1-8193-20EAC373E737}.Debug|Any CPU.ActiveCfg = Debug|Any CPU
		{547E573E-A529-42F1-8193-20EAC373E737}.Debug|Any CPU.Build.0 = Debug|Any CPU
		{547E573E-A529-42F1-8193-20EAC373E737}.Release|Any CPU.ActiveCfg = Release|Any CPU
		{547E573E-A529-42F1-8193-20EAC373E737}.Release|Any CPU.Build.0 = Release|Any CPU
		{97EC00F9-7EB4-496A-BB51-6E2615FEC5AE}.Debug|Any CPU.ActiveCfg = Debug|Any CPU
		{97EC00F9-7EB4-496A-BB51-6E2615FEC5AE}.Debug|Any CPU.Build.0 = Debug|Any CPU
		{97EC00F9-7EB4-496A-BB51-6E2615FEC5AE}.Release|Any CPU.ActiveCfg = Release|Any CPU
		{97EC00F9-7EB4-496A-BB51-6E2615FEC5AE}.Release|Any CPU.Build.0 = Release|Any CPU
		{FC14DA2D-018B-4899-B53C-6E657DD16306}.Debug|Any CPU.ActiveCfg = Debug|Any CPU
		{FC14DA2D-018B-4899-B53C-6E657DD16306}.Debug|Any CPU.Build.0 = Debug|Any CPU
		{FC14DA2D-018B-4899-B53C-6E657DD16306}.Release|Any CPU.ActiveCfg = Release|Any CPU
		{FC14DA2D-018B-4899-B53C-6E657DD16306}.Release|Any CPU.Build.0 = Release|Any CPU
		{F7EFE971-B9FF-47DE-A2FC-18DD3FD44566}.Debug|Any CPU.ActiveCfg = Debug|Any CPU
		{F7EFE971-B9FF-47DE-A2FC-18DD3FD44566}.Debug|Any CPU.Build.0 = Debug|Any CPU
		{F7EFE971-B9FF-47DE-A2FC-18DD3FD44566}.Release|Any CPU.ActiveCfg = Release|Any CPU
		{F7EFE971-B9FF-47DE-A2FC-18DD3FD44566}.Release|Any CPU.Build.0 = Release|Any CPU
		{718748E6-861F-4023-A42C-CF9F71821B1F}.Debug|Any CPU.ActiveCfg = Debug|Any CPU
		{718748E6-861F-4023-A42C-CF9F71821B1F}.Debug|Any CPU.Build.0 = Debug|Any CPU
		{718748E6-861F-4023-A42C-CF9F71821B1F}.Release|Any CPU.ActiveCfg = Release|Any CPU
		{718748E6-861F-4023-A42C-CF9F71821B1F}.Release|Any CPU.Build.0 = Release|Any CPU
		{2C395054-6CE3-4157-8E10-F34F886C4467}.Debug|Any CPU.ActiveCfg = Debug|Any CPU
		{2C395054-6CE3-4157-8E10-F34F886C4467}.Debug|Any CPU.Build.0 = Debug|Any CPU
		{2C395054-6CE3-4157-8E10-F34F886C4467}.Release|Any CPU.ActiveCfg = Release|Any CPU
		{2C395054-6CE3-4157-8E10-F34F886C4467}.Release|Any CPU.Build.0 = Release|Any CPU
		{2BC3631B-59E3-4906-8B45-24E83D96F38C}.Debug|Any CPU.ActiveCfg = Debug|Any CPU
		{2BC3631B-59E3-4906-8B45-24E83D96F38C}.Debug|Any CPU.Build.0 = Debug|Any CPU
		{2BC3631B-59E3-4906-8B45-24E83D96F38C}.Release|Any CPU.ActiveCfg = Release|Any CPU
		{2BC3631B-59E3-4906-8B45-24E83D96F38C}.Release|Any CPU.Build.0 = Release|Any CPU
		{66E41B88-20F6-4E98-987E-A0CFC14680F6}.Debug|Any CPU.ActiveCfg = Debug|Any CPU
		{66E41B88-20F6-4E98-987E-A0CFC14680F6}.Debug|Any CPU.Build.0 = Debug|Any CPU
		{66E41B88-20F6-4E98-987E-A0CFC14680F6}.Release|Any CPU.ActiveCfg = Release|Any CPU
		{66E41B88-20F6-4E98-987E-A0CFC14680F6}.Release|Any CPU.Build.0 = Release|Any CPU
		{F397E36B-2266-45F5-874F-A814169ABDA9}.Debug|Any CPU.ActiveCfg = Debug|Any CPU
		{F397E36B-2266-45F5-874F-A814169ABDA9}.Debug|Any CPU.Build.0 = Debug|Any CPU
		{F397E36B-2266-45F5-874F-A814169ABDA9}.Release|Any CPU.ActiveCfg = Release|Any CPU
		{F397E36B-2266-45F5-874F-A814169ABDA9}.Release|Any CPU.Build.0 = Release|Any CPU
		{BECB7CE8-1FDF-4F25-AE7A-18FDBAA56879}.Debug|Any CPU.ActiveCfg = Debug|Any CPU
		{BECB7CE8-1FDF-4F25-AE7A-18FDBAA56879}.Debug|Any CPU.Build.0 = Debug|Any CPU
		{BECB7CE8-1FDF-4F25-AE7A-18FDBAA56879}.Release|Any CPU.ActiveCfg = Release|Any CPU
		{BECB7CE8-1FDF-4F25-AE7A-18FDBAA56879}.Release|Any CPU.Build.0 = Release|Any CPU
		{636AEA4B-4EF9-40FB-BDD5-A6741F7EFFAA}.Debug|Any CPU.ActiveCfg = Debug|Any CPU
		{636AEA4B-4EF9-40FB-BDD5-A6741F7EFFAA}.Debug|Any CPU.Build.0 = Debug|Any CPU
		{636AEA4B-4EF9-40FB-BDD5-A6741F7EFFAA}.Release|Any CPU.ActiveCfg = Release|Any CPU
		{636AEA4B-4EF9-40FB-BDD5-A6741F7EFFAA}.Release|Any CPU.Build.0 = Release|Any CPU
		{0EDCF9F7-0589-4864-8825-077AF0BCE708}.Debug|Any CPU.ActiveCfg = Debug|Any CPU
		{0EDCF9F7-0589-4864-8825-077AF0BCE708}.Debug|Any CPU.Build.0 = Debug|Any CPU
		{0EDCF9F7-0589-4864-8825-077AF0BCE708}.Release|Any CPU.ActiveCfg = Release|Any CPU
		{0EDCF9F7-0589-4864-8825-077AF0BCE708}.Release|Any CPU.Build.0 = Release|Any CPU
	EndGlobalSection
	GlobalSection(SolutionProperties) = preSolution
		HideSolutionNode = FALSE
	EndGlobalSection
	GlobalSection(NestedProjects) = preSolution
		{9F9BE47C-8A98-4602-B7AE-65040CCD9E65} = {DD011580-B254-4F40-A5E9-FB1800C48DE1}
		{DD011580-B254-4F40-A5E9-FB1800C48DE1} = {452D8F3F-04AA-457C-B4E7-D300B7475B0D}
		{26CF868D-32EA-4642-ACB4-FFF654CC129D} = {452D8F3F-04AA-457C-B4E7-D300B7475B0D}
		{5D3CC0F9-2180-4CE8-92CF-F654481AE250} = {883F7CFC-A607-43DB-9B93-9F53033B3CF9}
		{AF7B2BB8-A703-4283-A269-C4DD0F43A4F2} = {DD011580-B254-4F40-A5E9-FB1800C48DE1}
		{09858A29-B08E-45AD-909B-688097CB237A} = {883F7CFC-A607-43DB-9B93-9F53033B3CF9}
		{C42B1E81-C3A8-4F0F-8F7D-3597862F0B38} = {DD011580-B254-4F40-A5E9-FB1800C48DE1}
		{AF825A14-77C2-48B7-9546-5B371E5D410F} = {C42B1E81-C3A8-4F0F-8F7D-3597862F0B38}
		{6AADC71A-02DC-4BC8-A6E2-6B0379720F66} = {C42B1E81-C3A8-4F0F-8F7D-3597862F0B38}
		{030AB3B1-0149-4120-97C4-B55492000E19} = {883F7CFC-A607-43DB-9B93-9F53033B3CF9}
		{C6764D74-250E-44CD-A9C0-7E6FB1B0C6E4} = {883F7CFC-A607-43DB-9B93-9F53033B3CF9}
		{4D1D368A-9BD5-4577-9BF6-7B98E1E8226F} = {883F7CFC-A607-43DB-9B93-9F53033B3CF9}
		{EC033F7E-73B6-4EF3-9C2D-BD7CDF34EB80} = {883F7CFC-A607-43DB-9B93-9F53033B3CF9}
		{547E573E-A529-42F1-8193-20EAC373E737} = {883F7CFC-A607-43DB-9B93-9F53033B3CF9}
		{97EC00F9-7EB4-496A-BB51-6E2615FEC5AE} = {883F7CFC-A607-43DB-9B93-9F53033B3CF9}
		{FC14DA2D-018B-4899-B53C-6E657DD16306} = {E12A7EE6-A2B1-4FC0-8910-5061BEDAEE5B}
		{E12A7EE6-A2B1-4FC0-8910-5061BEDAEE5B} = {70DFAEA4-1107-469D-A7FB-90E27735EC94}
		{9517C929-0C4C-4C1D-879B-0ED988257734} = {70DFAEA4-1107-469D-A7FB-90E27735EC94}
		{F7EFE971-B9FF-47DE-A2FC-18DD3FD44566} = {9517C929-0C4C-4C1D-879B-0ED988257734}
		{718748E6-861F-4023-A42C-CF9F71821B1F} = {9517C929-0C4C-4C1D-879B-0ED988257734}
		{2C395054-6CE3-4157-8E10-F34F886C4467} = {9517C929-0C4C-4C1D-879B-0ED988257734}
		{4E483FE8-DEE4-4424-940E-CAA1AF397C28} = {452D8F3F-04AA-457C-B4E7-D300B7475B0D}
		{2BC3631B-59E3-4906-8B45-24E83D96F38C} = {4E483FE8-DEE4-4424-940E-CAA1AF397C28}
		{66E41B88-20F6-4E98-987E-A0CFC14680F6} = {DD011580-B254-4F40-A5E9-FB1800C48DE1}
		{F397E36B-2266-45F5-874F-A814169ABDA9} = {883F7CFC-A607-43DB-9B93-9F53033B3CF9}
		{BECB7CE8-1FDF-4F25-AE7A-18FDBAA56879} = {4E483FE8-DEE4-4424-940E-CAA1AF397C28}
		{64A5EAF2-655A-4BEF-B36C-D069A8D99A10} = {26CF868D-32EA-4642-ACB4-FFF654CC129D}
		{636AEA4B-4EF9-40FB-BDD5-A6741F7EFFAA} = {64A5EAF2-655A-4BEF-B36C-D069A8D99A10}
		{0EDCF9F7-0589-4864-8825-077AF0BCE708} = {64A5EAF2-655A-4BEF-B36C-D069A8D99A10}
	EndGlobalSection
	GlobalSection(ExtensibilityGlobals) = postSolution
		SolutionGuid = {A612EB94-F1AB-4384-BE52-E164723E2A1F}
	EndGlobalSection
EndGlobal
