
Microsoft Visual Studio Solution File, Format Version 12.00
# Visual Studio Version 17
VisualStudioVersion = 17.7.34009.444
MinimumVisualStudioVersion = 10.0.40219.1
Project("{9A19103F-16F7-4668-BE54-9A1E7A4F7556}") = "Urbe.BasesDeDatos.AppSocial.Entities", "AppSocial\Urbe.BasesDeDatos.AppSocial.Entities\Urbe.BasesDeDatos.AppSocial.Entities.csproj", "{9F9BE47C-8A98-4602-B7AE-65040CCD9E65}"
EndProject
Project("{2150E333-8FDC-42A3-9474-1A3956D46DE8}") = "Database", "Database", "{DD011580-B254-4F40-A5E9-FB1800C48DE1}"
EndProject
Project("{2150E333-8FDC-42A3-9474-1A3956D46DE8}") = "App", "App", "{26CF868D-32EA-4642-ACB4-FFF654CC129D}"
EndProject
Project("{2150E333-8FDC-42A3-9474-1A3956D46DE8}") = "Shared", "Shared", "{F698DF42-F987-4B99-A1D3-8B24D3A735CB}"
EndProject
Project("{9A19103F-16F7-4668-BE54-9A1E7A4F7556}") = "Urbe.BasesDeDatos.AppSocial.Common", "AppSocial\Urbe.BasesDeDatos.AppSocial.Common\Urbe.BasesDeDatos.AppSocial.Common.csproj", "{5D3CC0F9-2180-4CE8-92CF-F654481AE250}"
EndProject
Project("{9A19103F-16F7-4668-BE54-9A1E7A4F7556}") = "Urbe.BasesDeDatos.AppSocial.ModelServices", "AppSocial\Urbe.BasesDeDatos.AppSocial.ModelServices\Urbe.BasesDeDatos.AppSocial.ModelServices.csproj", "{AF7B2BB8-A703-4283-A269-C4DD0F43A4F2}"
EndProject
Project("{9A19103F-16F7-4668-BE54-9A1E7A4F7556}") = "Urbe.BasesDeDatos.AppSocial.Services", "AppSocial\Urbe.BasesDeDatos.AppSocial.Services\Urbe.BasesDeDatos.AppSocial.Services.csproj", "{09858A29-B08E-45AD-909B-688097CB237A}"
EndProject
Project("{9A19103F-16F7-4668-BE54-9A1E7A4F7556}") = "Urbe.BasesDeDatos.AppSocial.API", "AppSocial\Urbe.BasesDeDatos.AppSocial.API\Urbe.BasesDeDatos.AppSocial.API.csproj", "{A30D7F07-E073-478E-BE7E-6D82DBAF601A}"
EndProject
Project("{2150E333-8FDC-42A3-9474-1A3956D46DE8}") = "Migrations", "Migrations", "{C42B1E81-C3A8-4F0F-8F7D-3597862F0B38}"
EndProject
Project("{9A19103F-16F7-4668-BE54-9A1E7A4F7556}") = "Urbe.BasesDeDatos.AppSocial.Entities.SQLiteMigrations", "AppSocial\Urbe.BasesDeDatos.AppSocial.Entities.SQLiteMigrations\Urbe.BasesDeDatos.AppSocial.Entities.SQLiteMigrations.csproj", "{AF825A14-77C2-48B7-9546-5B371E5D410F}"
EndProject
Project("{9A19103F-16F7-4668-BE54-9A1E7A4F7556}") = "Urbe.BasesDeDatos.AppSocial.Entities.SQLServerMigrations", "AppSocial\Urbe.BasesDeDatos.AppSocial.Entities.SQLServerMigrations\Urbe.BasesDeDatos.AppSocial.Entities.SQLServerMigrations.csproj", "{6AADC71A-02DC-4BC8-A6E2-6B0379720F66}"
EndProject
Project("{9A19103F-16F7-4668-BE54-9A1E7A4F7556}") = "Mail.NET", "..\Mail.NET\Mail.NET\Mail.NET.csproj", "{030AB3B1-0149-4120-97C4-B55492000E19}"
EndProject
Project("{9A19103F-16F7-4668-BE54-9A1E7A4F7556}") = "Mail.NET.MailKit", "..\Mail.NET\Mail.NET.MailKit\Mail.NET.MailKit.csproj", "{C6764D74-250E-44CD-A9C0-7E6FB1B0C6E4}"
EndProject
Project("{2150E333-8FDC-42A3-9474-1A3956D46DE8}") = "AppSocial", "AppSocial", "{452D8F3F-04AA-457C-B4E7-D300B7475B0D}"
EndProject
Global
	GlobalSection(SolutionConfigurationPlatforms) = preSolution
		Debug|Any CPU = Debug|Any CPU
		Release|Any CPU = Release|Any CPU
	EndGlobalSection
	GlobalSection(ProjectConfigurationPlatforms) = postSolution
		{9F9BE47C-8A98-4602-B7AE-65040CCD9E65}.Debug|Any CPU.ActiveCfg = Debug|Any CPU
		{9F9BE47C-8A98-4602-B7AE-65040CCD9E65}.Debug|Any CPU.Build.0 = Debug|Any CPU
		{9F9BE47C-8A98-4602-B7AE-65040CCD9E65}.Release|Any CPU.ActiveCfg = Release|Any CPU
		{9F9BE47C-8A98-4602-B7AE-65040CCD9E65}.Release|Any CPU.Build.0 = Release|Any CPU
		{5D3CC0F9-2180-4CE8-92CF-F654481AE250}.Debug|Any CPU.ActiveCfg = Debug|Any CPU
		{5D3CC0F9-2180-4CE8-92CF-F654481AE250}.Debug|Any CPU.Build.0 = Debug|Any CPU
		{5D3CC0F9-2180-4CE8-92CF-F654481AE250}.Release|Any CPU.ActiveCfg = Release|Any CPU
		{5D3CC0F9-2180-4CE8-92CF-F654481AE250}.Release|Any CPU.Build.0 = Release|Any CPU
		{AF7B2BB8-A703-4283-A269-C4DD0F43A4F2}.Debug|Any CPU.ActiveCfg = Debug|Any CPU
		{AF7B2BB8-A703-4283-A269-C4DD0F43A4F2}.Debug|Any CPU.Build.0 = Debug|Any CPU
		{AF7B2BB8-A703-4283-A269-C4DD0F43A4F2}.Release|Any CPU.ActiveCfg = Release|Any CPU
		{AF7B2BB8-A703-4283-A269-C4DD0F43A4F2}.Release|Any CPU.Build.0 = Release|Any CPU
		{09858A29-B08E-45AD-909B-688097CB237A}.Debug|Any CPU.ActiveCfg = Debug|Any CPU
		{09858A29-B08E-45AD-909B-688097CB237A}.Debug|Any CPU.Build.0 = Debug|Any CPU
		{09858A29-B08E-45AD-909B-688097CB237A}.Release|Any CPU.ActiveCfg = Release|Any CPU
		{09858A29-B08E-45AD-909B-688097CB237A}.Release|Any CPU.Build.0 = Release|Any CPU
		{A30D7F07-E073-478E-BE7E-6D82DBAF601A}.Debug|Any CPU.ActiveCfg = Debug|Any CPU
		{A30D7F07-E073-478E-BE7E-6D82DBAF601A}.Debug|Any CPU.Build.0 = Debug|Any CPU
		{A30D7F07-E073-478E-BE7E-6D82DBAF601A}.Release|Any CPU.ActiveCfg = Release|Any CPU
		{A30D7F07-E073-478E-BE7E-6D82DBAF601A}.Release|Any CPU.Build.0 = Release|Any CPU
		{AF825A14-77C2-48B7-9546-5B371E5D410F}.Debug|Any CPU.ActiveCfg = Debug|Any CPU
		{AF825A14-77C2-48B7-9546-5B371E5D410F}.Debug|Any CPU.Build.0 = Debug|Any CPU
		{AF825A14-77C2-48B7-9546-5B371E5D410F}.Release|Any CPU.ActiveCfg = Release|Any CPU
		{AF825A14-77C2-48B7-9546-5B371E5D410F}.Release|Any CPU.Build.0 = Release|Any CPU
		{6AADC71A-02DC-4BC8-A6E2-6B0379720F66}.Debug|Any CPU.ActiveCfg = Debug|Any CPU
		{6AADC71A-02DC-4BC8-A6E2-6B0379720F66}.Debug|Any CPU.Build.0 = Debug|Any CPU
		{6AADC71A-02DC-4BC8-A6E2-6B0379720F66}.Release|Any CPU.ActiveCfg = Release|Any CPU
		{6AADC71A-02DC-4BC8-A6E2-6B0379720F66}.Release|Any CPU.Build.0 = Release|Any CPU
		{030AB3B1-0149-4120-97C4-B55492000E19}.Debug|Any CPU.ActiveCfg = Debug|Any CPU
		{030AB3B1-0149-4120-97C4-B55492000E19}.Debug|Any CPU.Build.0 = Debug|Any CPU
		{030AB3B1-0149-4120-97C4-B55492000E19}.Release|Any CPU.ActiveCfg = Release|Any CPU
		{030AB3B1-0149-4120-97C4-B55492000E19}.Release|Any CPU.Build.0 = Release|Any CPU
		{C6764D74-250E-44CD-A9C0-7E6FB1B0C6E4}.Debug|Any CPU.ActiveCfg = Debug|Any CPU
		{C6764D74-250E-44CD-A9C0-7E6FB1B0C6E4}.Debug|Any CPU.Build.0 = Debug|Any CPU
		{C6764D74-250E-44CD-A9C0-7E6FB1B0C6E4}.Release|Any CPU.ActiveCfg = Release|Any CPU
		{C6764D74-250E-44CD-A9C0-7E6FB1B0C6E4}.Release|Any CPU.Build.0 = Release|Any CPU
	EndGlobalSection
	GlobalSection(SolutionProperties) = preSolution
		HideSolutionNode = FALSE
	EndGlobalSection
	GlobalSection(NestedProjects) = preSolution
		{9F9BE47C-8A98-4602-B7AE-65040CCD9E65} = {DD011580-B254-4F40-A5E9-FB1800C48DE1}
		{DD011580-B254-4F40-A5E9-FB1800C48DE1} = {452D8F3F-04AA-457C-B4E7-D300B7475B0D}
		{26CF868D-32EA-4642-ACB4-FFF654CC129D} = {452D8F3F-04AA-457C-B4E7-D300B7475B0D}
		{F698DF42-F987-4B99-A1D3-8B24D3A735CB} = {452D8F3F-04AA-457C-B4E7-D300B7475B0D}
		{5D3CC0F9-2180-4CE8-92CF-F654481AE250} = {F698DF42-F987-4B99-A1D3-8B24D3A735CB}
		{AF7B2BB8-A703-4283-A269-C4DD0F43A4F2} = {DD011580-B254-4F40-A5E9-FB1800C48DE1}
		{09858A29-B08E-45AD-909B-688097CB237A} = {F698DF42-F987-4B99-A1D3-8B24D3A735CB}
		{A30D7F07-E073-478E-BE7E-6D82DBAF601A} = {26CF868D-32EA-4642-ACB4-FFF654CC129D}
		{C42B1E81-C3A8-4F0F-8F7D-3597862F0B38} = {DD011580-B254-4F40-A5E9-FB1800C48DE1}
		{AF825A14-77C2-48B7-9546-5B371E5D410F} = {C42B1E81-C3A8-4F0F-8F7D-3597862F0B38}
		{6AADC71A-02DC-4BC8-A6E2-6B0379720F66} = {C42B1E81-C3A8-4F0F-8F7D-3597862F0B38}
		{030AB3B1-0149-4120-97C4-B55492000E19} = {F698DF42-F987-4B99-A1D3-8B24D3A735CB}
		{C6764D74-250E-44CD-A9C0-7E6FB1B0C6E4} = {F698DF42-F987-4B99-A1D3-8B24D3A735CB}
	EndGlobalSection
	GlobalSection(ExtensibilityGlobals) = postSolution
		SolutionGuid = {A612EB94-F1AB-4384-BE52-E164723E2A1F}
	EndGlobalSection
EndGlobal
